// !$*UTF8*$!
{
	archiveVersion = 1;
	classes = {
	};
	objectVersion = 46;
	objects = {

/* Begin PBXBuildFile section */
		16FCC04418B79C53000E72D2 /* Foundation.framework in Frameworks */ = {isa = PBXBuildFile; fileRef = 16FCC04318B79C53000E72D2 /* Foundation.framework */; };
		16FCC04618B79C53000E72D2 /* CoreGraphics.framework in Frameworks */ = {isa = PBXBuildFile; fileRef = 16FCC04518B79C53000E72D2 /* CoreGraphics.framework */; };
		16FCC04818B79C53000E72D2 /* UIKit.framework in Frameworks */ = {isa = PBXBuildFile; fileRef = 16FCC04718B79C53000E72D2 /* UIKit.framework */; };
		16FCC04A18B79C53000E72D2 /* CoreData.framework in Frameworks */ = {isa = PBXBuildFile; fileRef = 16FCC04918B79C53000E72D2 /* CoreData.framework */; };
		16FCC05018B79C53000E72D2 /* InfoPlist.strings in Resources */ = {isa = PBXBuildFile; fileRef = 16FCC04E18B79C53000E72D2 /* InfoPlist.strings */; };
		16FCC05218B79C53000E72D2 /* main.m in Sources */ = {isa = PBXBuildFile; fileRef = 16FCC05118B79C53000E72D2 /* main.m */; };
		16FCC05618B79C53000E72D2 /* AppDelegate.m in Sources */ = {isa = PBXBuildFile; fileRef = 16FCC05518B79C53000E72D2 /* AppDelegate.m */; };
		16FCC05918B79C53000E72D2 /* CarInsurance.xcdatamodeld in Sources */ = {isa = PBXBuildFile; fileRef = 16FCC05718B79C53000E72D2 /* CarInsurance.xcdatamodeld */; };
		16FCC05B18B79C53000E72D2 /* Images.xcassets in Resources */ = {isa = PBXBuildFile; fileRef = 16FCC05A18B79C53000E72D2 /* Images.xcassets */; };
		16FCC06218B79C53000E72D2 /* XCTest.framework in Frameworks */ = {isa = PBXBuildFile; fileRef = 16FCC06118B79C53000E72D2 /* XCTest.framework */; };
		16FCC06318B79C53000E72D2 /* Foundation.framework in Frameworks */ = {isa = PBXBuildFile; fileRef = 16FCC04318B79C53000E72D2 /* Foundation.framework */; };
		16FCC06418B79C53000E72D2 /* UIKit.framework in Frameworks */ = {isa = PBXBuildFile; fileRef = 16FCC04718B79C53000E72D2 /* UIKit.framework */; };
		16FCC06518B79C53000E72D2 /* CoreData.framework in Frameworks */ = {isa = PBXBuildFile; fileRef = 16FCC04918B79C53000E72D2 /* CoreData.framework */; };
		16FCC06D18B79C53000E72D2 /* InfoPlist.strings in Resources */ = {isa = PBXBuildFile; fileRef = 16FCC06B18B79C53000E72D2 /* InfoPlist.strings */; };
		16FCC06F18B79C53000E72D2 /* CarInsuranceTests.m in Sources */ = {isa = PBXBuildFile; fileRef = 16FCC06E18B79C53000E72D2 /* CarInsuranceTests.m */; };
/* End PBXBuildFile section */

/* Begin PBXContainerItemProxy section */
		16FCC06618B79C53000E72D2 /* PBXContainerItemProxy */ = {
			isa = PBXContainerItemProxy;
			containerPortal = 16FCC03818B79C53000E72D2 /* Project object */;
			proxyType = 1;
			remoteGlobalIDString = 16FCC03F18B79C53000E72D2;
			remoteInfo = CarInsurance;
		};
/* End PBXContainerItemProxy section */

/* Begin PBXFileReference section */
		16FCC04018B79C53000E72D2 /* CarInsurance.app */ = {isa = PBXFileReference; explicitFileType = wrapper.application; includeInIndex = 0; path = CarInsurance.app; sourceTree = BUILT_PRODUCTS_DIR; };
		16FCC04318B79C53000E72D2 /* Foundation.framework */ = {isa = PBXFileReference; lastKnownFileType = wrapper.framework; name = Foundation.framework; path = System/Library/Frameworks/Foundation.framework; sourceTree = SDKROOT; };
		16FCC04518B79C53000E72D2 /* CoreGraphics.framework */ = {isa = PBXFileReference; lastKnownFileType = wrapper.framework; name = CoreGraphics.framework; path = System/Library/Frameworks/CoreGraphics.framework; sourceTree = SDKROOT; };
		16FCC04718B79C53000E72D2 /* UIKit.framework */ = {isa = PBXFileReference; lastKnownFileType = wrapper.framework; name = UIKit.framework; path = System/Library/Frameworks/UIKit.framework; sourceTree = SDKROOT; };
		16FCC04918B79C53000E72D2 /* CoreData.framework */ = {isa = PBXFileReference; lastKnownFileType = wrapper.framework; name = CoreData.framework; path = System/Library/Frameworks/CoreData.framework; sourceTree = SDKROOT; };
		16FCC04D18B79C53000E72D2 /* CarInsurance-Info.plist */ = {isa = PBXFileReference; lastKnownFileType = text.plist.xml; path = "CarInsurance-Info.plist"; sourceTree = "<group>"; };
		16FCC04F18B79C53000E72D2 /* en */ = {isa = PBXFileReference; lastKnownFileType = text.plist.strings; name = en; path = en.lproj/InfoPlist.strings; sourceTree = "<group>"; };
		16FCC05118B79C53000E72D2 /* main.m */ = {isa = PBXFileReference; lastKnownFileType = sourcecode.c.objc; path = main.m; sourceTree = "<group>"; };
		16FCC05318B79C53000E72D2 /* CarInsurance-Prefix.pch */ = {isa = PBXFileReference; lastKnownFileType = sourcecode.c.h; path = "CarInsurance-Prefix.pch"; sourceTree = "<group>"; };
		16FCC05418B79C53000E72D2 /* AppDelegate.h */ = {isa = PBXFileReference; lastKnownFileType = sourcecode.c.h; path = AppDelegate.h; sourceTree = "<group>"; };
		16FCC05518B79C53000E72D2 /* AppDelegate.m */ = {isa = PBXFileReference; lastKnownFileType = sourcecode.c.objc; path = AppDelegate.m; sourceTree = "<group>"; };
		16FCC05818B79C53000E72D2 /* CarInsurance.xcdatamodel */ = {isa = PBXFileReference; lastKnownFileType = wrapper.xcdatamodel; path = CarInsurance.xcdatamodel; sourceTree = "<group>"; };
		16FCC05A18B79C53000E72D2 /* Images.xcassets */ = {isa = PBXFileReference; lastKnownFileType = folder.assetcatalog; path = Images.xcassets; sourceTree = "<group>"; };
		16FCC06018B79C53000E72D2 /* CarInsuranceTests.xctest */ = {isa = PBXFileReference; explicitFileType = wrapper.cfbundle; includeInIndex = 0; path = CarInsuranceTests.xctest; sourceTree = BUILT_PRODUCTS_DIR; };
		16FCC06118B79C53000E72D2 /* XCTest.framework */ = {isa = PBXFileReference; lastKnownFileType = wrapper.framework; name = XCTest.framework; path = Library/Frameworks/XCTest.framework; sourceTree = DEVELOPER_DIR; };
		16FCC06A18B79C53000E72D2 /* CarInsuranceTests-Info.plist */ = {isa = PBXFileReference; lastKnownFileType = text.plist.xml; path = "CarInsuranceTests-Info.plist"; sourceTree = "<group>"; };
		16FCC06C18B79C53000E72D2 /* en */ = {isa = PBXFileReference; lastKnownFileType = text.plist.strings; name = en; path = en.lproj/InfoPlist.strings; sourceTree = "<group>"; };
		16FCC06E18B79C53000E72D2 /* CarInsuranceTests.m */ = {isa = PBXFileReference; lastKnownFileType = sourcecode.c.objc; path = CarInsuranceTests.m; sourceTree = "<group>"; };
/* End PBXFileReference section */

/* Begin PBXFrameworksBuildPhase section */
		16FCC03D18B79C53000E72D2 /* Frameworks */ = {
			isa = PBXFrameworksBuildPhase;
			buildActionMask = 2147483647;
			files = (
				16FCC04618B79C53000E72D2 /* CoreGraphics.framework in Frameworks */,
				16FCC04A18B79C53000E72D2 /* CoreData.framework in Frameworks */,
				16FCC04818B79C53000E72D2 /* UIKit.framework in Frameworks */,
				16FCC04418B79C53000E72D2 /* Foundation.framework in Frameworks */,
			);
			runOnlyForDeploymentPostprocessing = 0;
		};
		16FCC05D18B79C53000E72D2 /* Frameworks */ = {
			isa = PBXFrameworksBuildPhase;
			buildActionMask = 2147483647;
			files = (
				16FCC06218B79C53000E72D2 /* XCTest.framework in Frameworks */,
				16FCC06518B79C53000E72D2 /* CoreData.framework in Frameworks */,
				16FCC06418B79C53000E72D2 /* UIKit.framework in Frameworks */,
				16FCC06318B79C53000E72D2 /* Foundation.framework in Frameworks */,
			);
			runOnlyForDeploymentPostprocessing = 0;
		};
/* End PBXFrameworksBuildPhase section */

/* Begin PBXGroup section */
		16FCC03718B79C53000E72D2 = {
			isa = PBXGroup;
			children = (
				16FCC04B18B79C53000E72D2 /* CarInsurance */,
				16FCC06818B79C53000E72D2 /* CarInsuranceTests */,
				16FCC04218B79C53000E72D2 /* Frameworks */,
				16FCC04118B79C53000E72D2 /* Products */,
			);
			sourceTree = "<group>";
		};
		16FCC04118B79C53000E72D2 /* Products */ = {
			isa = PBXGroup;
			children = (
				16FCC04018B79C53000E72D2 /* CarInsurance.app */,
				16FCC06018B79C53000E72D2 /* CarInsuranceTests.xctest */,
			);
			name = Products;
			sourceTree = "<group>";
		};
		16FCC04218B79C53000E72D2 /* Frameworks */ = {
			isa = PBXGroup;
			children = (
				16FCC04318B79C53000E72D2 /* Foundation.framework */,
				16FCC04518B79C53000E72D2 /* CoreGraphics.framework */,
				16FCC04718B79C53000E72D2 /* UIKit.framework */,
				16FCC04918B79C53000E72D2 /* CoreData.framework */,
				16FCC06118B79C53000E72D2 /* XCTest.framework */,
			);
			name = Frameworks;
			sourceTree = "<group>";
		};
		16FCC04B18B79C53000E72D2 /* CarInsurance */ = {
			isa = PBXGroup;
			children = (
				16FCC05418B79C53000E72D2 /* AppDelegate.h */,
				16FCC05518B79C53000E72D2 /* AppDelegate.m */,
				16FCC05A18B79C53000E72D2 /* Images.xcassets */,
				16FCC05718B79C53000E72D2 /* CarInsurance.xcdatamodeld */,
				16FCC04C18B79C53000E72D2 /* Supporting Files */,
			);
			path = CarInsurance;
			sourceTree = "<group>";
		};
		16FCC04C18B79C53000E72D2 /* Supporting Files */ = {
			isa = PBXGroup;
			children = (
				16FCC04D18B79C53000E72D2 /* CarInsurance-Info.plist */,
				16FCC04E18B79C53000E72D2 /* InfoPlist.strings */,
				16FCC05118B79C53000E72D2 /* main.m */,
				16FCC05318B79C53000E72D2 /* CarInsurance-Prefix.pch */,
			);
			name = "Supporting Files";
			sourceTree = "<group>";
		};
		16FCC06818B79C53000E72D2 /* CarInsuranceTests */ = {
			isa = PBXGroup;
			children = (
				16FCC06E18B79C53000E72D2 /* CarInsuranceTests.m */,
				16FCC06918B79C53000E72D2 /* Supporting Files */,
			);
			path = CarInsuranceTests;
			sourceTree = "<group>";
		};
		16FCC06918B79C53000E72D2 /* Supporting Files */ = {
			isa = PBXGroup;
			children = (
				16FCC06A18B79C53000E72D2 /* CarInsuranceTests-Info.plist */,
				16FCC06B18B79C53000E72D2 /* InfoPlist.strings */,
			);
			name = "Supporting Files";
			sourceTree = "<group>";
		};
/* End PBXGroup section */

/* Begin PBXNativeTarget section */
		16FCC03F18B79C53000E72D2 /* CarInsurance */ = {
			isa = PBXNativeTarget;
			buildConfigurationList = 16FCC07218B79C53000E72D2 /* Build configuration list for PBXNativeTarget "CarInsurance" */;
			buildPhases = (
				16FCC03C18B79C53000E72D2 /* Sources */,
				16FCC03D18B79C53000E72D2 /* Frameworks */,
				16FCC03E18B79C53000E72D2 /* Resources */,
			);
			buildRules = (
			);
			dependencies = (
			);
			name = CarInsurance;
			productName = CarInsurance;
			productReference = 16FCC04018B79C53000E72D2 /* CarInsurance.app */;
			productType = "com.apple.product-type.application";
		};
		16FCC05F18B79C53000E72D2 /* CarInsuranceTests */ = {
			isa = PBXNativeTarget;
			buildConfigurationList = 16FCC07518B79C53000E72D2 /* Build configuration list for PBXNativeTarget "CarInsuranceTests" */;
			buildPhases = (
				16FCC05C18B79C53000E72D2 /* Sources */,
				16FCC05D18B79C53000E72D2 /* Frameworks */,
				16FCC05E18B79C53000E72D2 /* Resources */,
			);
			buildRules = (
			);
			dependencies = (
				16FCC06718B79C53000E72D2 /* PBXTargetDependency */,
			);
			name = CarInsuranceTests;
			productName = CarInsuranceTests;
			productReference = 16FCC06018B79C53000E72D2 /* CarInsuranceTests.xctest */;
			productType = "com.apple.product-type.bundle.unit-test";
		};
/* End PBXNativeTarget section */

/* Begin PBXProject section */
		16FCC03818B79C53000E72D2 /* Project object */ = {
			isa = PBXProject;
			attributes = {
				LastUpgradeCheck = 0500;
				ORGANIZATIONNAME = "Rahul Sarna";
				TargetAttributes = {
					16FCC05F18B79C53000E72D2 = {
						TestTargetID = 16FCC03F18B79C53000E72D2;
					};
				};
			};
			buildConfigurationList = 16FCC03B18B79C53000E72D2 /* Build configuration list for PBXProject "CarInsurance" */;
			compatibilityVersion = "Xcode 3.2";
			developmentRegion = English;
			hasScannedForEncodings = 0;
			knownRegions = (
				en,
			);
			mainGroup = 16FCC03718B79C53000E72D2;
			productRefGroup = 16FCC04118B79C53000E72D2 /* Products */;
			projectDirPath = "";
			projectRoot = "";
			targets = (
				16FCC03F18B79C53000E72D2 /* CarInsurance */,
				16FCC05F18B79C53000E72D2 /* CarInsuranceTests */,
			);
		};
/* End PBXProject section */

/* Begin PBXResourcesBuildPhase section */
		16FCC03E18B79C53000E72D2 /* Resources */ = {
			isa = PBXResourcesBuildPhase;
			buildActionMask = 2147483647;
			files = (
				16FCC05018B79C53000E72D2 /* InfoPlist.strings in Resources */,
				16FCC05B18B79C53000E72D2 /* Images.xcassets in Resources */,
			);
			runOnlyForDeploymentPostprocessing = 0;
		};
		16FCC05E18B79C53000E72D2 /* Resources */ = {
			isa = PBXResourcesBuildPhase;
			buildActionMask = 2147483647;
			files = (
				16FCC06D18B79C53000E72D2 /* InfoPlist.strings in Resources */,
			);
			runOnlyForDeploymentPostprocessing = 0;
		};
/* End PBXResourcesBuildPhase section */

/* Begin PBXSourcesBuildPhase section */
		16FCC03C18B79C53000E72D2 /* Sources */ = {
			isa = PBXSourcesBuildPhase;
			buildActionMask = 2147483647;
			files = (
				16FCC05918B79C53000E72D2 /* CarInsurance.xcdatamodeld in Sources */,
				16FCC05618B79C53000E72D2 /* AppDelegate.m in Sources */,
				16FCC05218B79C53000E72D2 /* main.m in Sources */,
			);
			runOnlyForDeploymentPostprocessing = 0;
		};
		16FCC05C18B79C53000E72D2 /* Sources */ = {
			isa = PBXSourcesBuildPhase;
			buildActionMask = 2147483647;
			files = (
				16FCC06F18B79C53000E72D2 /* CarInsuranceTests.m in Sources */,
			);
			runOnlyForDeploymentPostprocessing = 0;
		};
/* End PBXSourcesBuildPhase section */

/* Begin PBXTargetDependency section */
		16FCC06718B79C53000E72D2 /* PBXTargetDependency */ = {
			isa = PBXTargetDependency;
			target = 16FCC03F18B79C53000E72D2 /* CarInsurance */;
			targetProxy = 16FCC06618B79C53000E72D2 /* PBXContainerItemProxy */;
		};
/* End PBXTargetDependency section */

/* Begin PBXVariantGroup section */
		16FCC04E18B79C53000E72D2 /* InfoPlist.strings */ = {
			isa = PBXVariantGroup;
			children = (
				16FCC04F18B79C53000E72D2 /* en */,
			);
			name = InfoPlist.strings;
			sourceTree = "<group>";
		};
		16FCC06B18B79C53000E72D2 /* InfoPlist.strings */ = {
			isa = PBXVariantGroup;
			children = (
				16FCC06C18B79C53000E72D2 /* en */,
			);
			name = InfoPlist.strings;
			sourceTree = "<group>";
		};
/* End PBXVariantGroup section */

/* Begin XCBuildConfiguration section */
		16FCC07018B79C53000E72D2 /* Debug */ = {
			isa = XCBuildConfiguration;
			buildSettings = {
				ALWAYS_SEARCH_USER_PATHS = NO;
				ARCHS = "$(ARCHS_STANDARD_INCLUDING_64_BIT)";
				CLANG_CXX_LANGUAGE_STANDARD = "gnu++0x";
				CLANG_CXX_LIBRARY = "libc++";
				CLANG_ENABLE_MODULES = YES;
				CLANG_ENABLE_OBJC_ARC = YES;
				CLANG_WARN_BOOL_CONVERSION = YES;
				CLANG_WARN_CONSTANT_CONVERSION = YES;
				CLANG_WARN_DIRECT_OBJC_ISA_USAGE = YES_ERROR;
				CLANG_WARN_EMPTY_BODY = YES;
				CLANG_WARN_ENUM_CONVERSION = YES;
				CLANG_WARN_INT_CONVERSION = YES;
				CLANG_WARN_OBJC_ROOT_CLASS = YES_ERROR;
				CLANG_WARN__DUPLICATE_METHOD_MATCH = YES;
				"CODE_SIGN_IDENTITY[sdk=iphoneos*]" = "iPhone Developer";
				COPY_PHASE_STRIP = NO;
				GCC_C_LANGUAGE_STANDARD = gnu99;
				GCC_DYNAMIC_NO_PIC = NO;
				GCC_OPTIMIZATION_LEVEL = 0;
				GCC_PREPROCESSOR_DEFINITIONS = (
					"DEBUG=1",
					"$(inherited)",
				);
				GCC_SYMBOLS_PRIVATE_EXTERN = NO;
				GCC_WARN_64_TO_32_BIT_CONVERSION = YES;
				GCC_WARN_ABOUT_RETURN_TYPE = YES_ERROR;
				GCC_WARN_UNDECLARED_SELECTOR = YES;
				GCC_WARN_UNINITIALIZED_AUTOS = YES;
				GCC_WARN_UNUSED_FUNCTION = YES;
				GCC_WARN_UNUSED_VARIABLE = YES;
				IPHONEOS_DEPLOYMENT_TARGET = 7.0;
				ONLY_ACTIVE_ARCH = YES;
				SDKROOT = iphoneos;
			};
			name = Debug;
		};
		16FCC07118B79C53000E72D2 /* Release */ = {
			isa = XCBuildConfiguration;
			buildSettings = {
				ALWAYS_SEARCH_USER_PATHS = NO;
				ARCHS = "$(ARCHS_STANDARD_INCLUDING_64_BIT)";
				CLANG_CXX_LANGUAGE_STANDARD = "gnu++0x";
				CLANG_CXX_LIBRARY = "libc++";
				CLANG_ENABLE_MODULES = YES;
				CLANG_ENABLE_OBJC_ARC = YES;
				CLANG_WARN_BOOL_CONVERSION = YES;
				CLANG_WARN_CONSTANT_CONVERSION = YES;
				CLANG_WARN_DIRECT_OBJC_ISA_USAGE = YES_ERROR;
				CLANG_WARN_EMPTY_BODY = YES;
				CLANG_WARN_ENUM_CONVERSION = YES;
				CLANG_WARN_INT_CONVERSION = YES;
				CLANG_WARN_OBJC_ROOT_CLASS = YES_ERROR;
				CLANG_WARN__DUPLICATE_METHOD_MATCH = YES;
				"CODE_SIGN_IDENTITY[sdk=iphoneos*]" = "iPhone Developer";
				COPY_PHASE_STRIP = YES;
				ENABLE_NS_ASSERTIONS = NO;
				GCC_C_LANGUAGE_STANDARD = gnu99;
				GCC_WARN_64_TO_32_BIT_CONVERSION = YES;
				GCC_WARN_ABOUT_RETURN_TYPE = YES_ERROR;
				GCC_WARN_UNDECLARED_SELECTOR = YES;
				GCC_WARN_UNINITIALIZED_AUTOS = YES;
				GCC_WARN_UNUSED_FUNCTION = YES;
				GCC_WARN_UNUSED_VARIABLE = YES;
				IPHONEOS_DEPLOYMENT_TARGET = 7.0;
				SDKROOT = iphoneos;
				VALIDATE_PRODUCT = YES;
			};
			name = Release;
		};
		16FCC07318B79C53000E72D2 /* Debug */ = {
			isa = XCBuildConfiguration;
			buildSettings = {
				ASSETCATALOG_COMPILER_APPICON_NAME = AppIcon;
				ASSETCATALOG_COMPILER_LAUNCHIMAGE_NAME = LaunchImage;
				GCC_PRECOMPILE_PREFIX_HEADER = YES;
				GCC_PREFIX_HEADER = "CarInsurance/CarInsurance-Prefix.pch";
				INFOPLIST_FILE = "CarInsurance/CarInsurance-Info.plist";
				PRODUCT_NAME = "$(TARGET_NAME)";
				WRAPPER_EXTENSION = app;
			};
			name = Debug;
		};
		16FCC07418B79C53000E72D2 /* Release */ = {
			isa = XCBuildConfiguration;
			buildSettings = {
				ASSETCATALOG_COMPILER_APPICON_NAME = AppIcon;
				ASSETCATALOG_COMPILER_LAUNCHIMAGE_NAME = LaunchImage;
				GCC_PRECOMPILE_PREFIX_HEADER = YES;
				GCC_PREFIX_HEADER = "CarInsurance/CarInsurance-Prefix.pch";
				INFOPLIST_FILE = "CarInsurance/CarInsurance-Info.plist";
				PRODUCT_NAME = "$(TARGET_NAME)";
				WRAPPER_EXTENSION = app;
			};
			name = Release;
		};
		16FCC07618B79C53000E72D2 /* Debug */ = {
			isa = XCBuildConfiguration;
			buildSettings = {
				ARCHS = "$(ARCHS_STANDARD_INCLUDING_64_BIT)";
				BUNDLE_LOADER = "$(BUILT_PRODUCTS_DIR)/CarInsurance.app/CarInsurance";
				FRAMEWORK_SEARCH_PATHS = (
					"$(SDKROOT)/Developer/Library/Frameworks",
					"$(inherited)",
					"$(DEVELOPER_FRAMEWORKS_DIR)",
				);
				GCC_PRECOMPILE_PREFIX_HEADER = YES;
				GCC_PREFIX_HEADER = "CarInsurance/CarInsurance-Prefix.pch";
				GCC_PREPROCESSOR_DEFINITIONS = (
					"DEBUG=1",
					"$(inherited)",
				);
				INFOPLIST_FILE = "CarInsuranceTests/CarInsuranceTests-Info.plist";
				PRODUCT_NAME = "$(TARGET_NAME)";
				TEST_HOST = "$(BUNDLE_LOADER)";
				WRAPPER_EXTENSION = xctest;
			};
			name = Debug;
		};
		16FCC07718B79C53000E72D2 /* Release */ = {
			isa = XCBuildConfiguration;
			buildSettings = {
				ARCHS = "$(ARCHS_STANDARD_INCLUDING_64_BIT)";
				BUNDLE_LOADER = "$(BUILT_PRODUCTS_DIR)/CarInsurance.app/CarInsurance";
				FRAMEWORK_SEARCH_PATHS = (
					"$(SDKROOT)/Developer/Library/Frameworks",
					"$(inherited)",
					"$(DEVELOPER_FRAMEWORKS_DIR)",
				);
				GCC_PRECOMPILE_PREFIX_HEADER = YES;
				GCC_PREFIX_HEADER = "CarInsurance/CarInsurance-Prefix.pch";
				INFOPLIST_FILE = "CarInsuranceTests/CarInsuranceTests-Info.plist";
				PRODUCT_NAME = "$(TARGET_NAME)";
				TEST_HOST = "$(BUNDLE_LOADER)";
				WRAPPER_EXTENSION = xctest;
			};
			name = Release;
		};
/* End XCBuildConfiguration section */

/* Begin XCConfigurationList section */
		16FCC03B18B79C53000E72D2 /* Build configuration list for PBXProject "CarInsurance" */ = {
			isa = XCConfigurationList;
			buildConfigurations = (
				16FCC07018B79C53000E72D2 /* Debug */,
				16FCC07118B79C53000E72D2 /* Release */,
			);
			defaultConfigurationIsVisible = 0;
			defaultConfigurationName = Release;
		};
		16FCC07218B79C53000E72D2 /* Build configuration list for PBXNativeTarget "CarInsurance" */ = {
			isa = XCConfigurationList;
			buildConfigurations = (
				16FCC07318B79C53000E72D2 /* Debug */,
				16FCC07418B79C53000E72D2 /* Release */,
			);
			defaultConfigurationIsVisible = 0;
		};
		16FCC07518B79C53000E72D2 /* Build configuration list for PBXNativeTarget "CarInsuranceTests" */ = {
			isa = XCConfigurationList;
			buildConfigurations = (
				16FCC07618B79C53000E72D2 /* Debug */,
				16FCC07718B79C53000E72D2 /* Release */,
			);
			defaultConfigurationIsVisible = 0;
		};
/* End XCConfigurationList section */

/* Begin XCVersionGroup section */
		16FCC05718B79C53000E72D2 /* CarInsurance.xcdatamodeld */ = {
			isa = XCVersionGroup;
			children = (
				16FCC05818B79C53000E72D2 /* CarInsurance.xcdatamodel */,
			);
			currentVersion = 16FCC05818B79C53000E72D2 /* CarInsurance.xcdatamodel */;
			path = CarInsurance.xcdatamodeld;
			sourceTree = "<group>";
			versionGroupType = wrapper.xcdatamodel;
		};
/* End XCVersionGroup section */
	};
	rootObject = 16FCC03818B79C53000E72D2 /* Project object */;
}
